
Microsoft Visual Studio Solution File, Format Version 11.00
# Visual Studio 2010
Project("{FAE04EC0-301F-11D3-BF4B-00C04F79EFBC}") = "SimpleBank", "SimpleBank\SimpleBank.csproj", "{FF7F83DC-6DA0-4715-8ED7-13A83019FCE1}"
EndProject
Project("{FAE04EC0-301F-11D3-BF4B-00C04F79EFBC}") = "SimpleBank.Tests", "SimpleBank.Tests\SimpleBank.Tests.csproj", "{226DC3FE-E9D3-4836-A0DC-9B074FF7D309}"
EndProject
Project("{2150E333-8FDC-42A3-9474-1A3956D46DE8}") = "Solution Items", "Solution Items", "{67401322-934D-4252-B462-F86E5D7E93BE}"
	ProjectSection(SolutionItems) = preProject
		Local.testsettings = Local.testsettings
		SimpleBank.vsmdi = SimpleBank.vsmdi
		TraceAndTestImpact.testsettings = TraceAndTestImpact.testsettings
	EndProjectSection
EndProject
Global
	GlobalSection(TestCaseManagementSettings) = postSolution
		CategoryFile = SimpleBank.vsmdi
	EndGlobalSection
	GlobalSection(SolutionConfigurationPlatforms) = preSolution
		Debug|Any CPU = Debug|Any CPU
		Debug|Mixed Platforms = Debug|Mixed Platforms
		Debug|x86 = Debug|x86
		Release|Any CPU = Release|Any CPU
		Release|Mixed Platforms = Release|Mixed Platforms
		Release|x86 = Release|x86
	EndGlobalSection
	GlobalSection(ProjectConfigurationPlatforms) = postSolution
		{FF7F83DC-6DA0-4715-8ED7-13A83019FCE1}.Debug|Any CPU.ActiveCfg = Debug|x86
		{FF7F83DC-6DA0-4715-8ED7-13A83019FCE1}.Debug|Mixed Platforms.ActiveCfg = Debug|x86
		{FF7F83DC-6DA0-4715-8ED7-13A83019FCE1}.Debug|Mixed Platforms.Build.0 = Debug|x86
		{FF7F83DC-6DA0-4715-8ED7-13A83019FCE1}.Debug|x86.ActiveCfg = Debug|x86
		{FF7F83DC-6DA0-4715-8ED7-13A83019FCE1}.Debug|x86.Build.0 = Debug|x86
		{FF7F83DC-6DA0-4715-8ED7-13A83019FCE1}.Release|Any CPU.ActiveCfg = Release|x86
		{FF7F83DC-6DA0-4715-8ED7-13A83019FCE1}.Release|Mixed Platforms.ActiveCfg = Release|x86
		{FF7F83DC-6DA0-4715-8ED7-13A83019FCE1}.Release|Mixed Platforms.Build.0 = Release|x86
		{FF7F83DC-6DA0-4715-8ED7-13A83019FCE1}.Release|x86.ActiveCfg = Release|x86
		{FF7F83DC-6DA0-4715-8ED7-13A83019FCE1}.Release|x86.Build.0 = Release|x86
		{226DC3FE-E9D3-4836-A0DC-9B074FF7D309}.Debug|Any CPU.ActiveCfg = Debug|Any CPU
		{226DC3FE-E9D3-4836-A0DC-9B074FF7D309}.Debug|Any CPU.Build.0 = Debug|Any CPU
		{226DC3FE-E9D3-4836-A0DC-9B074FF7D309}.Debug|Mixed Platforms.ActiveCfg = Debug|Any CPU
		{226DC3FE-E9D3-4836-A0DC-9B074FF7D309}.Debug|Mixed Platforms.Build.0 = Debug|Any CPU
		{226DC3FE-E9D3-4836-A0DC-9B074FF7D309}.Debug|x86.ActiveCfg = Debug|Any CPU
		{226DC3FE-E9D3-4836-A0DC-9B074FF7D309}.Release|Any CPU.ActiveCfg = Release|Any CPU
		{226DC3FE-E9D3-4836-A0DC-9B074FF7D309}.Release|Any CPU.Build.0 = Release|Any CPU
		{226DC3FE-E9D3-4836-A0DC-9B074FF7D309}.Release|Mixed Platforms.ActiveCfg = Release|Any CPU
		{226DC3FE-E9D3-4836-A0DC-9B074FF7D309}.Release|Mixed Platforms.Build.0 = Release|Any CPU
		{226DC3FE-E9D3-4836-A0DC-9B074FF7D309}.Release|x86.ActiveCfg = Release|Any CPU
	EndGlobalSection
	GlobalSection(SolutionProperties) = preSolution
		HideSolutionNode = FALSE
	EndGlobalSection
EndGlobal
